{
    "_meta": {
        "hash": {
            "sha256": "9d3051e62a398cd116b412759eeb30a48eb657a12f39891b3f8ec221b6223ca0"
        },
        "pipfile-spec": 6,
        "requires": {
            "python_version": "2.7"
        },
        "sources": [
            {
                "name": "pypi",
                "url": "https://pypi.python.org/simple",
                "verify_ssl": true
            }
        ]
    },
    "default": {
        "dnspython": {
            "hashes": [
                "sha256:40f563e1f7a7b80dc5a4e76ad75c23da53d62f1e15e6e517293b04e1f84ead7c",
                "sha256:861e6e58faa730f9845aaaa9c6c832851fbf89382ac52915a51f89c71accdd31"
            ],
            "index": "pypi",
            "version": "==1.15.0"
        },
        "nagiosplugin": {
            "hashes": [
                "sha256:6b020aca516f3643ad02378866d382f0296bf378fa3874d9b2e1d3cc6135f8bb"
            ],
            "index": "pypi",
            "version": "==1.2.4"
        },
        "pymysql": {
            "hashes": [
                "sha256:56e3f5bcef6501012233620b54f6a7b8a34edc5751e85e4e3da9a0d808df5f68",
                "sha256:ac3dfb1f650582eca2e1e0701598bc04364ac464daa425cbbc26bb32ae54cdd5"
            ],
            "index": "pypi",
            "version": "==0.7.11"
        }
    },
    "develop": {
        "configparser": {
            "hashes": [
                "sha256:5308b47021bc2340965c371f0f058cc6971a04502638d4244225c49d80db273a"
            ],
            "version": "==3.5.0"
        },
        "enum34": {
            "hashes": [
                "sha256:2d81cbbe0e73112bdfe6ef8576f2238f2ba27dd0d55752a776c41d38b7da2850",
                "sha256:644837f692e5f550741432dd3f223bbb9852018674981b1664e5dc339387588a",
                "sha256:6bd0f6ad48ec2aa117d3d141940d484deccda84d4fcd884f5c3d93c23ecd8c79",
                "sha256:8ad8c4783bf61ded74527bffb48ed9b54166685e4230386a9ed9b1279e2df5b1"
            ],
            "markers": "python_version <= '2.7'",
            "version": "==1.1.6"
        },
        "flake8": {
            "hashes": [
                "sha256:7253265f7abd8b313e3892944044a365e3f4ac3fcdcfb4298f55ee9ddf188ba0",
                "sha256:c7841163e2b576d435799169b78703ad6ac1bbb0f199994fc05f700b2a90ea37"
            ],
            "index": "pypi",
            "version": "==3.5.0"
        },
        "flake8-colors": {
            "hashes": [
                "sha256:508fcf6efc15826f2146b42172ab41999555e07af43fcfb3e6a28ad596189560"
            ],
            "index": "pypi",
            "version": "==0.1.6"
        },
        "flake8-docstrings": {
            "hashes": [
                "sha256:4e0ce1476b64e6291520e5570cf12b05016dd4e8ae454b8a8a9a48bc5f84e1cd",
                "sha256:8436396b5ecad51a122a2c99ba26e5b4e623bf6e913b0fea0cb6c2c4050f91eb"
            ],
            "index": "pypi",
            "version": "==1.3.0"
        },
        "flake8-import-order": {
            "hashes": [
                "sha256:40d2a39ed91e080f3285f4c16256b252d7c31070e7f11b7854415bb9f924ea81",
                "sha256:68d430781a9ef15c85a0121500cf8462f1a4bc7672acb2a32bfdbcab044ae0b7"
            ],
            "index": "pypi",
            "version": "==0.17.1"
        },
        "flake8-polyfill": {
            "hashes": [
                "sha256:12be6a34ee3ab795b19ca73505e7b55826d5f6ad7230d31b18e106400169b9e9",
                "sha256:e44b087597f6da52ec6393a709e7108b2905317d0c0b744cdca6208e670d8eda"
            ],
            "version": "==1.0.2"
        },
        "mccabe": {
            "hashes": [
                "sha256:ab8a6258860da4b6677da4bd2fe5dc2c659cff31b3ee4f7f5d64e79735b80d42",
                "sha256:dd8d182285a0fe56bace7f45b5e7d1a6ebcbf524e8f3bd87eb0f125271b8831f"
            ],
            "version": "==0.6.1"
        },
        "pep8-naming": {
            "hashes": [
                "sha256:0b82da414024f290e0e7aad80d9a7614d6a85bedd82304deeb2e4e0a74f8968b",
                "sha256:5a2a085340b1d530605a7f4a96816433be43504c58eace799dbacdcfd6febe9d"
            ],
            "index": "pypi",
            "version": "==0.5.0"
        },
        "pycodestyle": {
            "hashes": [
                "sha256:1ec08a51c901dfe44921576ed6e4c1f5b7ecbad403f871397feedb5eb8e4fa14",
                "sha256:5ff2fbcbab997895ba9ead77e1b38b3ebc2e5c3b8a6194ef918666e4c790a00e",
                "sha256:682256a5b318149ca0d2a9185d365d8864a768a28db66a84a2ea946bcc426766",
                "sha256:6c4245ade1edfad79c3446fadfc96b0de2759662dc29d07d80a6f27ad1ca6ba9"
            ],
            "version": "==2.3.1"
        },
        "pydocstyle": {
            "hashes": [
                "sha256:08a870edc94508264ed90510db466c6357c7192e0e866561d740624a8fc7d90c",
                "sha256:4d5bcde961107873bae621f3d580c3e35a426d3687ffc6f8fb356f6628da5a97",
                "sha256:af9fcccb303899b83bec82dc9a1d56c60fc369973223a5e80c3dfa9bdf984405"
            ],
            "version": "==2.1.1"
        },
        "pyflakes": {
            "hashes": [
                "sha256:08bd6a50edf8cffa9fa09a463063c425ecaaf10d1eb0335a7e8b1401aef89e6f",
                "sha256:8d616a382f243dbf19b54743f280b80198be0bca3a5396f1d2e1fca6223e8805"
            ],
            "version": "==1.6.0"
        },
        "six": {
            "hashes": [
                "sha256:70e8a77beed4562e7f14fe23a786b54f6296e34344c23bc42f07b15018ff98e9",
                "sha256:832dc0e10feb1aa2c68dcc57dbb658f1c7e65b9b61af69048abc87a2db00a0eb"
            ],
            "version": "==1.11.0"
        },
        "snowballstemmer": {
            "hashes": [
                "sha256:919f26a68b2c17a7634da993d91339e288964f93c274f1343e3bbbe2096e1128",
                "sha256:9f3bcd3c401c3e862ec0ebe6d2c069ebc012ce142cce209c098ccb5b09136e89"
            ],
            "version": "==1.2.1"
        }
    }
}
